
Microsoft Visual Studio Solution File, Format Version 12.00
# Visual Studio 15
VisualStudioVersion = 15.0.28307.329
MinimumVisualStudioVersion = 10.0.40219.1
Project("{FAE04EC0-301F-11D3-BF4B-00C04F79EFBC}") = "BeBlueApi", "BeBlueApi\BeBlueApi.csproj", "{AE963ED1-A5D2-4F15-8DAB-B8B3DA42BA9A}"
EndProject
Global
	GlobalSection(SolutionConfigurationPlatforms) = preSolution
		Debug|Any CPU = Debug|Any CPU
		Release|Any CPU = Release|Any CPU
	EndGlobalSection
	GlobalSection(ProjectConfigurationPlatforms) = postSolution
		{AE963ED1-A5D2-4F15-8DAB-B8B3DA42BA9A}.Debug|Any CPU.ActiveCfg = Debug|Any CPU
		{AE963ED1-A5D2-4F15-8DAB-B8B3DA42BA9A}.Debug|Any CPU.Build.0 = Debug|Any CPU
		{AE963ED1-A5D2-4F15-8DAB-B8B3DA42BA9A}.Release|Any CPU.ActiveCfg = Release|Any CPU
		{AE963ED1-A5D2-4F15-8DAB-B8B3DA42BA9A}.Release|Any CPU.Build.0 = Release|Any CPU
	EndGlobalSection
	GlobalSection(SolutionProperties) = preSolution
		HideSolutionNode = FALSE
	EndGlobalSection
	GlobalSection(ExtensibilityGlobals) = postSolution
		SolutionGuid = {AF8DD955-47DB-431B-9F2A-376D203342CC}
	EndGlobalSection
EndGlobal
