
Microsoft Visual Studio Solution File, Format Version 12.00
# Visual Studio 15
VisualStudioVersion = 15.0.28307.329
MinimumVisualStudioVersion = 10.0.40219.1
Project("{2150E333-8FDC-42A3-9474-1A3956D46DE8}") = "2-Application", "2-Application", "{F1E24339-588B-4BD3-ABD6-3C0FB0999835}"
EndProject
Project("{2150E333-8FDC-42A3-9474-1A3956D46DE8}") = "1-Services", "1-Services", "{26133913-B8B0-4050-A057-1D45DFEFF2B1}"
EndProject
Project("{2150E333-8FDC-42A3-9474-1A3956D46DE8}") = "3-Domain", "3-Domain", "{D77CA3E2-F6E8-44C1-BBB4-0DA4244C8828}"
EndProject
Project("{2150E333-8FDC-42A3-9474-1A3956D46DE8}") = "4-Infra", "4-Infra", "{C4E64289-3EBA-4D00-8038-EC9531C554B2}"
EndProject
Project("{2150E333-8FDC-42A3-9474-1A3956D46DE8}") = "4.1-Data", "4.1-Data", "{1EAA659F-8959-47D5-9158-3FDE9CFAAB64}"
EndProject
Project("{2150E333-8FDC-42A3-9474-1A3956D46DE8}") = "4.2-CrossCutting", "4.2-CrossCutting", "{4802C59D-349D-48A7-BDB9-32356F8B27AA}"
EndProject
Project("{2150E333-8FDC-42A3-9474-1A3956D46DE8}") = "0-Presentation", "0-Presentation", "{9E146FF2-0A91-4C2C-98C2-DCA1CB2A9909}"
EndProject
Project("{9A19103F-16F7-4668-BE54-9A1E7A4F7556}") = "BeBlueApi.Infra.Data", "BeBlueApi.Infra.Data\BeBlueApi.Infra.Data.csproj", "{5F742B19-1A9D-46DC-BFC7-97399325D9E0}"
EndProject
Project("{9A19103F-16F7-4668-BE54-9A1E7A4F7556}") = "BeBlueApi.Infra.CrossCutting.Identity", "BeBlueApi.Infra.CrossCutting.Identity\BeBlueApi.Infra.CrossCutting.Identity.csproj", "{6332DAE3-DA47-4EF2-8169-D6A2155A7258}"
EndProject
Project("{9A19103F-16F7-4668-BE54-9A1E7A4F7556}") = "BeBlueApi.Infra.CrossCutting.IoC", "BeBlueApi.Infra.CrossCutting.IoC\BeBlueApi.Infra.CrossCutting.IoC.csproj", "{8569B2E0-5B61-44DC-A6E3-F0728B93E7B4}"
EndProject
Project("{9A19103F-16F7-4668-BE54-9A1E7A4F7556}") = "BeBlueApi.Domain", "BeBlueApi.Domain\BeBlueApi.Domain.csproj", "{A2DE7D58-AD02-489D-A182-B18A85188B6C}"
EndProject
Project("{FAE04EC0-301F-11D3-BF4B-00C04F79EFBC}") = "BeblueApi.Domain.Core", "BeblueApi.Domain.Core\BeblueApi.Domain.Core.csproj", "{C841347C-5C15-47C8-B47C-865F7ADE9A45}"
EndProject
Project("{FAE04EC0-301F-11D3-BF4B-00C04F79EFBC}") = "BeblueApi.Infra.CrossCutting.Bus", "BeblueApi.Infra.CrossCutting.Bus\BeblueApi.Infra.CrossCutting.Bus.csproj", "{5977FB50-4F54-4421-A108-9E249AE69DE1}"
EndProject
Project("{FAE04EC0-301F-11D3-BF4B-00C04F79EFBC}") = "BeBlueApi.Application", "BeBlueApi.Application\BeBlueApi.Application.csproj", "{315C4FE6-5548-4DC4-A2D1-D4FC0381F3BA}"
EndProject
Project("{9A19103F-16F7-4668-BE54-9A1E7A4F7556}") = "BeBlueApi.WebApi", "BeBlueApi.WebApi\BeBlueApi.WebApi.csproj", "{B8FDB1F9-7FC4-495E-B919-C59C44A639A2}"
EndProject
Global
	GlobalSection(SolutionConfigurationPlatforms) = preSolution
		Debug|Any CPU = Debug|Any CPU
		Release|Any CPU = Release|Any CPU
	EndGlobalSection
	GlobalSection(ProjectConfigurationPlatforms) = postSolution
		{5F742B19-1A9D-46DC-BFC7-97399325D9E0}.Debug|Any CPU.ActiveCfg = Debug|Any CPU
		{5F742B19-1A9D-46DC-BFC7-97399325D9E0}.Debug|Any CPU.Build.0 = Debug|Any CPU
		{5F742B19-1A9D-46DC-BFC7-97399325D9E0}.Release|Any CPU.ActiveCfg = Release|Any CPU
		{5F742B19-1A9D-46DC-BFC7-97399325D9E0}.Release|Any CPU.Build.0 = Release|Any CPU
		{6332DAE3-DA47-4EF2-8169-D6A2155A7258}.Debug|Any CPU.ActiveCfg = Debug|Any CPU
		{6332DAE3-DA47-4EF2-8169-D6A2155A7258}.Debug|Any CPU.Build.0 = Debug|Any CPU
		{6332DAE3-DA47-4EF2-8169-D6A2155A7258}.Release|Any CPU.ActiveCfg = Release|Any CPU
		{6332DAE3-DA47-4EF2-8169-D6A2155A7258}.Release|Any CPU.Build.0 = Release|Any CPU
		{8569B2E0-5B61-44DC-A6E3-F0728B93E7B4}.Debug|Any CPU.ActiveCfg = Debug|Any CPU
		{8569B2E0-5B61-44DC-A6E3-F0728B93E7B4}.Debug|Any CPU.Build.0 = Debug|Any CPU
		{8569B2E0-5B61-44DC-A6E3-F0728B93E7B4}.Release|Any CPU.ActiveCfg = Release|Any CPU
		{8569B2E0-5B61-44DC-A6E3-F0728B93E7B4}.Release|Any CPU.Build.0 = Release|Any CPU
		{A2DE7D58-AD02-489D-A182-B18A85188B6C}.Debug|Any CPU.ActiveCfg = Debug|Any CPU
		{A2DE7D58-AD02-489D-A182-B18A85188B6C}.Debug|Any CPU.Build.0 = Debug|Any CPU
		{A2DE7D58-AD02-489D-A182-B18A85188B6C}.Release|Any CPU.ActiveCfg = Release|Any CPU
		{A2DE7D58-AD02-489D-A182-B18A85188B6C}.Release|Any CPU.Build.0 = Release|Any CPU
		{C841347C-5C15-47C8-B47C-865F7ADE9A45}.Debug|Any CPU.ActiveCfg = Debug|Any CPU
		{C841347C-5C15-47C8-B47C-865F7ADE9A45}.Debug|Any CPU.Build.0 = Debug|Any CPU
		{C841347C-5C15-47C8-B47C-865F7ADE9A45}.Release|Any CPU.ActiveCfg = Release|Any CPU
		{C841347C-5C15-47C8-B47C-865F7ADE9A45}.Release|Any CPU.Build.0 = Release|Any CPU
		{5977FB50-4F54-4421-A108-9E249AE69DE1}.Debug|Any CPU.ActiveCfg = Debug|Any CPU
		{5977FB50-4F54-4421-A108-9E249AE69DE1}.Debug|Any CPU.Build.0 = Debug|Any CPU
		{5977FB50-4F54-4421-A108-9E249AE69DE1}.Release|Any CPU.ActiveCfg = Release|Any CPU
		{5977FB50-4F54-4421-A108-9E249AE69DE1}.Release|Any CPU.Build.0 = Release|Any CPU
		{315C4FE6-5548-4DC4-A2D1-D4FC0381F3BA}.Debug|Any CPU.ActiveCfg = Debug|Any CPU
		{315C4FE6-5548-4DC4-A2D1-D4FC0381F3BA}.Debug|Any CPU.Build.0 = Debug|Any CPU
		{315C4FE6-5548-4DC4-A2D1-D4FC0381F3BA}.Release|Any CPU.ActiveCfg = Release|Any CPU
		{315C4FE6-5548-4DC4-A2D1-D4FC0381F3BA}.Release|Any CPU.Build.0 = Release|Any CPU
		{B8FDB1F9-7FC4-495E-B919-C59C44A639A2}.Debug|Any CPU.ActiveCfg = Debug|Any CPU
		{B8FDB1F9-7FC4-495E-B919-C59C44A639A2}.Debug|Any CPU.Build.0 = Debug|Any CPU
		{B8FDB1F9-7FC4-495E-B919-C59C44A639A2}.Release|Any CPU.ActiveCfg = Release|Any CPU
		{B8FDB1F9-7FC4-495E-B919-C59C44A639A2}.Release|Any CPU.Build.0 = Release|Any CPU
	EndGlobalSection
	GlobalSection(SolutionProperties) = preSolution
		HideSolutionNode = FALSE
	EndGlobalSection
	GlobalSection(NestedProjects) = preSolution
		{1EAA659F-8959-47D5-9158-3FDE9CFAAB64} = {C4E64289-3EBA-4D00-8038-EC9531C554B2}
		{4802C59D-349D-48A7-BDB9-32356F8B27AA} = {C4E64289-3EBA-4D00-8038-EC9531C554B2}
		{5F742B19-1A9D-46DC-BFC7-97399325D9E0} = {1EAA659F-8959-47D5-9158-3FDE9CFAAB64}
		{6332DAE3-DA47-4EF2-8169-D6A2155A7258} = {4802C59D-349D-48A7-BDB9-32356F8B27AA}
		{8569B2E0-5B61-44DC-A6E3-F0728B93E7B4} = {4802C59D-349D-48A7-BDB9-32356F8B27AA}
		{A2DE7D58-AD02-489D-A182-B18A85188B6C} = {D77CA3E2-F6E8-44C1-BBB4-0DA4244C8828}
		{C841347C-5C15-47C8-B47C-865F7ADE9A45} = {D77CA3E2-F6E8-44C1-BBB4-0DA4244C8828}
		{5977FB50-4F54-4421-A108-9E249AE69DE1} = {4802C59D-349D-48A7-BDB9-32356F8B27AA}
		{315C4FE6-5548-4DC4-A2D1-D4FC0381F3BA} = {F1E24339-588B-4BD3-ABD6-3C0FB0999835}
		{B8FDB1F9-7FC4-495E-B919-C59C44A639A2} = {26133913-B8B0-4050-A057-1D45DFEFF2B1}
	EndGlobalSection
	GlobalSection(ExtensibilityGlobals) = postSolution
		SolutionGuid = {AF8DD955-47DB-431B-9F2A-376D203342CC}
	EndGlobalSection
EndGlobal
