
Microsoft Visual Studio Solution File, Format Version 12.00
# Visual Studio 15
VisualStudioVersion = 15.0.28307.329
MinimumVisualStudioVersion = 10.0.40219.1
Project("{2150E333-8FDC-42A3-9474-1A3956D46DE8}") = "1-App", "1-App", "{F1E24339-588B-4BD3-ABD6-3C0FB0999835}"
EndProject
Project("{2150E333-8FDC-42A3-9474-1A3956D46DE8}") = "2-Services", "2-Services", "{26133913-B8B0-4050-A057-1D45DFEFF2B1}"
EndProject
Project("{2150E333-8FDC-42A3-9474-1A3956D46DE8}") = "3-Domain", "3-Domain", "{D77CA3E2-F6E8-44C1-BBB4-0DA4244C8828}"
EndProject
Project("{2150E333-8FDC-42A3-9474-1A3956D46DE8}") = "4-Infra", "4-Infra", "{C4E64289-3EBA-4D00-8038-EC9531C554B2}"
EndProject
Project("{2150E333-8FDC-42A3-9474-1A3956D46DE8}") = "4.1-Data", "4.1-Data", "{1EAA659F-8959-47D5-9158-3FDE9CFAAB64}"
EndProject
Project("{2150E333-8FDC-42A3-9474-1A3956D46DE8}") = "4.2-CrossCutting", "4.2-CrossCutting", "{4802C59D-349D-48A7-BDB9-32356F8B27AA}"
EndProject
Project("{2150E333-8FDC-42A3-9474-1A3956D46DE8}") = "0-Presentation", "0-Presentation", "{9E146FF2-0A91-4C2C-98C2-DCA1CB2A9909}"
EndProject
Project("{9A19103F-16F7-4668-BE54-9A1E7A4F7556}") = "BeBlueApi.Infra.Data", "BeBlueApi.Infra.Data\BeBlueApi.Infra.Data.csproj", "{5F742B19-1A9D-46DC-BFC7-97399325D9E0}"
EndProject
Project("{9A19103F-16F7-4668-BE54-9A1E7A4F7556}") = "BeBlueApi.Infra.CrossCutting", "BeBlueApi.Infra.CrossCutting\BeBlueApi.Infra.CrossCutting.csproj", "{2FF517DC-DDF1-4A26-80E5-2E52E63315F7}"
EndProject
Project("{9A19103F-16F7-4668-BE54-9A1E7A4F7556}") = "BeBlueApi.Infra.CrossCutting.Identity", "BeBlueApi.Infra.CrossCutting.Identity\BeBlueApi.Infra.CrossCutting.Identity.csproj", "{6332DAE3-DA47-4EF2-8169-D6A2155A7258}"
EndProject
Project("{9A19103F-16F7-4668-BE54-9A1E7A4F7556}") = "BeBlueApi.Infra.CrossCutting.IoC", "BeBlueApi.Infra.CrossCutting.IoC\BeBlueApi.Infra.CrossCutting.IoC.csproj", "{8569B2E0-5B61-44DC-A6E3-F0728B93E7B4}"
EndProject
Project("{9A19103F-16F7-4668-BE54-9A1E7A4F7556}") = "BeBlueApi.Domain", "BeBlueApi.Domain\BeBlueApi.Domain.csproj", "{A2DE7D58-AD02-489D-A182-B18A85188B6C}"
EndProject
Project("{9A19103F-16F7-4668-BE54-9A1E7A4F7556}") = "BeBlueApi.Service", "BeBlueApi.Service\BeBlueApi.Service.csproj", "{B92891CF-CEA8-49FA-B9B3-77E30FFB3AB5}"
EndProject
Project("{FAE04EC0-301F-11D3-BF4B-00C04F79EFBC}") = "BeBlueApi.WebApi", "BeBlueApi.WebApi\BeBlueApi.WebApi.csproj", "{A4AE2FD6-6937-4B14-BE23-B8B14047BA33}"
EndProject
Global
	GlobalSection(SolutionConfigurationPlatforms) = preSolution
		Debug|Any CPU = Debug|Any CPU
		Release|Any CPU = Release|Any CPU
	EndGlobalSection
	GlobalSection(ProjectConfigurationPlatforms) = postSolution
		{5F742B19-1A9D-46DC-BFC7-97399325D9E0}.Debug|Any CPU.ActiveCfg = Debug|Any CPU
		{5F742B19-1A9D-46DC-BFC7-97399325D9E0}.Debug|Any CPU.Build.0 = Debug|Any CPU
		{5F742B19-1A9D-46DC-BFC7-97399325D9E0}.Release|Any CPU.ActiveCfg = Release|Any CPU
		{5F742B19-1A9D-46DC-BFC7-97399325D9E0}.Release|Any CPU.Build.0 = Release|Any CPU
		{2FF517DC-DDF1-4A26-80E5-2E52E63315F7}.Debug|Any CPU.ActiveCfg = Debug|Any CPU
		{2FF517DC-DDF1-4A26-80E5-2E52E63315F7}.Debug|Any CPU.Build.0 = Debug|Any CPU
		{2FF517DC-DDF1-4A26-80E5-2E52E63315F7}.Release|Any CPU.ActiveCfg = Release|Any CPU
		{2FF517DC-DDF1-4A26-80E5-2E52E63315F7}.Release|Any CPU.Build.0 = Release|Any CPU
		{6332DAE3-DA47-4EF2-8169-D6A2155A7258}.Debug|Any CPU.ActiveCfg = Debug|Any CPU
		{6332DAE3-DA47-4EF2-8169-D6A2155A7258}.Debug|Any CPU.Build.0 = Debug|Any CPU
		{6332DAE3-DA47-4EF2-8169-D6A2155A7258}.Release|Any CPU.ActiveCfg = Release|Any CPU
		{6332DAE3-DA47-4EF2-8169-D6A2155A7258}.Release|Any CPU.Build.0 = Release|Any CPU
		{8569B2E0-5B61-44DC-A6E3-F0728B93E7B4}.Debug|Any CPU.ActiveCfg = Debug|Any CPU
		{8569B2E0-5B61-44DC-A6E3-F0728B93E7B4}.Debug|Any CPU.Build.0 = Debug|Any CPU
		{8569B2E0-5B61-44DC-A6E3-F0728B93E7B4}.Release|Any CPU.ActiveCfg = Release|Any CPU
		{8569B2E0-5B61-44DC-A6E3-F0728B93E7B4}.Release|Any CPU.Build.0 = Release|Any CPU
		{A2DE7D58-AD02-489D-A182-B18A85188B6C}.Debug|Any CPU.ActiveCfg = Debug|Any CPU
		{A2DE7D58-AD02-489D-A182-B18A85188B6C}.Debug|Any CPU.Build.0 = Debug|Any CPU
		{A2DE7D58-AD02-489D-A182-B18A85188B6C}.Release|Any CPU.ActiveCfg = Release|Any CPU
		{A2DE7D58-AD02-489D-A182-B18A85188B6C}.Release|Any CPU.Build.0 = Release|Any CPU
		{B92891CF-CEA8-49FA-B9B3-77E30FFB3AB5}.Debug|Any CPU.ActiveCfg = Debug|Any CPU
		{B92891CF-CEA8-49FA-B9B3-77E30FFB3AB5}.Debug|Any CPU.Build.0 = Debug|Any CPU
		{B92891CF-CEA8-49FA-B9B3-77E30FFB3AB5}.Release|Any CPU.ActiveCfg = Release|Any CPU
		{B92891CF-CEA8-49FA-B9B3-77E30FFB3AB5}.Release|Any CPU.Build.0 = Release|Any CPU
		{A4AE2FD6-6937-4B14-BE23-B8B14047BA33}.Debug|Any CPU.ActiveCfg = Debug|Any CPU
		{A4AE2FD6-6937-4B14-BE23-B8B14047BA33}.Debug|Any CPU.Build.0 = Debug|Any CPU
		{A4AE2FD6-6937-4B14-BE23-B8B14047BA33}.Release|Any CPU.ActiveCfg = Release|Any CPU
		{A4AE2FD6-6937-4B14-BE23-B8B14047BA33}.Release|Any CPU.Build.0 = Release|Any CPU
	EndGlobalSection
	GlobalSection(SolutionProperties) = preSolution
		HideSolutionNode = FALSE
	EndGlobalSection
	GlobalSection(NestedProjects) = preSolution
		{1EAA659F-8959-47D5-9158-3FDE9CFAAB64} = {C4E64289-3EBA-4D00-8038-EC9531C554B2}
		{4802C59D-349D-48A7-BDB9-32356F8B27AA} = {C4E64289-3EBA-4D00-8038-EC9531C554B2}
		{5F742B19-1A9D-46DC-BFC7-97399325D9E0} = {1EAA659F-8959-47D5-9158-3FDE9CFAAB64}
		{2FF517DC-DDF1-4A26-80E5-2E52E63315F7} = {4802C59D-349D-48A7-BDB9-32356F8B27AA}
		{6332DAE3-DA47-4EF2-8169-D6A2155A7258} = {4802C59D-349D-48A7-BDB9-32356F8B27AA}
		{8569B2E0-5B61-44DC-A6E3-F0728B93E7B4} = {4802C59D-349D-48A7-BDB9-32356F8B27AA}
		{A2DE7D58-AD02-489D-A182-B18A85188B6C} = {D77CA3E2-F6E8-44C1-BBB4-0DA4244C8828}
		{B92891CF-CEA8-49FA-B9B3-77E30FFB3AB5} = {26133913-B8B0-4050-A057-1D45DFEFF2B1}
		{A4AE2FD6-6937-4B14-BE23-B8B14047BA33} = {F1E24339-588B-4BD3-ABD6-3C0FB0999835}
	EndGlobalSection
	GlobalSection(ExtensibilityGlobals) = postSolution
		SolutionGuid = {AF8DD955-47DB-431B-9F2A-376D203342CC}
	EndGlobalSection
EndGlobal
